
Microsoft Visual Studio Solution File, Format Version 12.00
# Visual Studio 2012
Project("{2150E333-8FDC-42A3-9474-1A3956D46DE8}") = "Business", "Business", "{F38F2DE1-05C8-4CA2-AA30-DBE596B2519B}"
EndProject
Project("{2150E333-8FDC-42A3-9474-1A3956D46DE8}") = "Common", "Common", "{60E9E91B-9648-4922-B922-20160698D543}"
EndProject
Project("{2150E333-8FDC-42A3-9474-1A3956D46DE8}") = "Context", "Context", "{1C9CAF44-8FAA-415D-9717-75FB010CF04D}"
EndProject
Project("{2150E333-8FDC-42A3-9474-1A3956D46DE8}") = "Data", "Data", "{5FC2DBE9-0175-464B-AB59-10EED9B70A66}"
EndProject
Project("{2150E333-8FDC-42A3-9474-1A3956D46DE8}") = "Database", "Database", "{977CC886-DD38-43A2-A5F3-81FB655B1878}"
EndProject
Project("{2150E333-8FDC-42A3-9474-1A3956D46DE8}") = "IO", "IO", "{4FD6A700-BE9C-4998-AB88-2CAF6F477213}"
EndProject
Project("{2150E333-8FDC-42A3-9474-1A3956D46DE8}") = "Kernel", "Kernel", "{A6B97E96-EDB9-447A-AACA-016A81839DB2}"
EndProject
Project("{2150E333-8FDC-42A3-9474-1A3956D46DE8}") = "Log", "Log", "{0154DA8C-249A-471F-9854-C63D76443A7A}"
EndProject
Project("{2150E333-8FDC-42A3-9474-1A3956D46DE8}") = "Network", "Network", "{5964C39E-1247-4CC8-8124-6080A738C9B5}"
EndProject
Project("{2150E333-8FDC-42A3-9474-1A3956D46DE8}") = "Service", "Service", "{CB3B2AD5-95AB-4C47-853B-F6AABAFEBF64}"
EndProject
Project("{2150E333-8FDC-42A3-9474-1A3956D46DE8}") = "Validation", "Validation", "{294D78D1-B696-479D-9127-99DA2C950F2F}"
EndProject
Project("{FAE04EC0-301F-11D3-BF4B-00C04F79EFBC}") = "Core.Kernel", "Kernel\Core.Kernel\Core.Kernel.csproj", "{0C8747B4-FD9D-4253-A67A-BC9E79462088}"
EndProject
Project("{FAE04EC0-301F-11D3-BF4B-00C04F79EFBC}") = "Core.Log", "Log\Core.Log\Core.Log.csproj", "{B0B69693-4E8E-4741-80B4-AC1B6227AC61}"
EndProject
Project("{FAE04EC0-301F-11D3-BF4B-00C04F79EFBC}") = "Core.Log.Log4Net", "Log\Core.Log.Log4Net\Core.Log.Log4Net.csproj", "{FE8B13EA-699E-4682-AA1F-29FF428BD788}"
EndProject
Project("{FAE04EC0-301F-11D3-BF4B-00C04F79EFBC}") = "Core.IO", "IO\Core.IO\Core.IO.csproj", "{01D191F0-2EA0-43BB-AA86-C86448B4E44C}"
EndProject
Project("{FAE04EC0-301F-11D3-BF4B-00C04F79EFBC}") = "Core.Network", "Network\Core.Network\Core.Network.csproj", "{9C0AA041-4C41-414D-8F56-272066E671FF}"
EndProject
Global
	GlobalSection(SolutionConfigurationPlatforms) = preSolution
		Debug_DbTest|Any CPU = Debug_DbTest|Any CPU
		Debug|Any CPU = Debug|Any CPU
		Release|Any CPU = Release|Any CPU
	EndGlobalSection
	GlobalSection(ProjectConfigurationPlatforms) = postSolution
		{0C8747B4-FD9D-4253-A67A-BC9E79462088}.Debug_DbTest|Any CPU.ActiveCfg = Debug_DbTest|Any CPU
		{0C8747B4-FD9D-4253-A67A-BC9E79462088}.Debug_DbTest|Any CPU.Build.0 = Debug_DbTest|Any CPU
		{0C8747B4-FD9D-4253-A67A-BC9E79462088}.Debug|Any CPU.ActiveCfg = Debug|Any CPU
		{0C8747B4-FD9D-4253-A67A-BC9E79462088}.Debug|Any CPU.Build.0 = Debug|Any CPU
		{0C8747B4-FD9D-4253-A67A-BC9E79462088}.Release|Any CPU.ActiveCfg = Release|Any CPU
		{0C8747B4-FD9D-4253-A67A-BC9E79462088}.Release|Any CPU.Build.0 = Release|Any CPU
		{B0B69693-4E8E-4741-80B4-AC1B6227AC61}.Debug_DbTest|Any CPU.ActiveCfg = Debug_DbTest|Any CPU
		{B0B69693-4E8E-4741-80B4-AC1B6227AC61}.Debug_DbTest|Any CPU.Build.0 = Debug_DbTest|Any CPU
		{B0B69693-4E8E-4741-80B4-AC1B6227AC61}.Debug|Any CPU.ActiveCfg = Debug|Any CPU
		{B0B69693-4E8E-4741-80B4-AC1B6227AC61}.Debug|Any CPU.Build.0 = Debug|Any CPU
		{B0B69693-4E8E-4741-80B4-AC1B6227AC61}.Release|Any CPU.ActiveCfg = Release|Any CPU
		{B0B69693-4E8E-4741-80B4-AC1B6227AC61}.Release|Any CPU.Build.0 = Release|Any CPU
		{FE8B13EA-699E-4682-AA1F-29FF428BD788}.Debug_DbTest|Any CPU.ActiveCfg = Debug_DbTest|Any CPU
		{FE8B13EA-699E-4682-AA1F-29FF428BD788}.Debug_DbTest|Any CPU.Build.0 = Debug_DbTest|Any CPU
		{FE8B13EA-699E-4682-AA1F-29FF428BD788}.Debug|Any CPU.ActiveCfg = Debug|Any CPU
		{FE8B13EA-699E-4682-AA1F-29FF428BD788}.Debug|Any CPU.Build.0 = Debug|Any CPU
		{FE8B13EA-699E-4682-AA1F-29FF428BD788}.Release|Any CPU.ActiveCfg = Release|Any CPU
		{FE8B13EA-699E-4682-AA1F-29FF428BD788}.Release|Any CPU.Build.0 = Release|Any CPU
		{01D191F0-2EA0-43BB-AA86-C86448B4E44C}.Debug_DbTest|Any CPU.ActiveCfg = Debug_DbTest|Any CPU
		{01D191F0-2EA0-43BB-AA86-C86448B4E44C}.Debug_DbTest|Any CPU.Build.0 = Debug_DbTest|Any CPU
		{01D191F0-2EA0-43BB-AA86-C86448B4E44C}.Debug|Any CPU.ActiveCfg = Debug|Any CPU
		{01D191F0-2EA0-43BB-AA86-C86448B4E44C}.Debug|Any CPU.Build.0 = Debug|Any CPU
		{01D191F0-2EA0-43BB-AA86-C86448B4E44C}.Release|Any CPU.ActiveCfg = Release|Any CPU
		{01D191F0-2EA0-43BB-AA86-C86448B4E44C}.Release|Any CPU.Build.0 = Release|Any CPU
		{9C0AA041-4C41-414D-8F56-272066E671FF}.Debug_DbTest|Any CPU.ActiveCfg = Debug_DbTest|Any CPU
		{9C0AA041-4C41-414D-8F56-272066E671FF}.Debug_DbTest|Any CPU.Build.0 = Debug_DbTest|Any CPU
		{9C0AA041-4C41-414D-8F56-272066E671FF}.Debug|Any CPU.ActiveCfg = Debug|Any CPU
		{9C0AA041-4C41-414D-8F56-272066E671FF}.Debug|Any CPU.Build.0 = Debug|Any CPU
		{9C0AA041-4C41-414D-8F56-272066E671FF}.Release|Any CPU.ActiveCfg = Release|Any CPU
		{9C0AA041-4C41-414D-8F56-272066E671FF}.Release|Any CPU.Build.0 = Release|Any CPU
	EndGlobalSection
	GlobalSection(SolutionProperties) = preSolution
		HideSolutionNode = FALSE
	EndGlobalSection
	GlobalSection(NestedProjects) = preSolution
		{01D191F0-2EA0-43BB-AA86-C86448B4E44C} = {4FD6A700-BE9C-4998-AB88-2CAF6F477213}
		{0C8747B4-FD9D-4253-A67A-BC9E79462088} = {A6B97E96-EDB9-447A-AACA-016A81839DB2}
		{B0B69693-4E8E-4741-80B4-AC1B6227AC61} = {0154DA8C-249A-471F-9854-C63D76443A7A}
		{FE8B13EA-699E-4682-AA1F-29FF428BD788} = {0154DA8C-249A-471F-9854-C63D76443A7A}
		{9C0AA041-4C41-414D-8F56-272066E671FF} = {5964C39E-1247-4CC8-8124-6080A738C9B5}
	EndGlobalSection
EndGlobal
